Microsoft Visual Studio Solution File, Format Version 12.00
# Visual Studio Version 17
VisualStudioVersion = 17.12.35527.113
MinimumVisualStudioVersion = 10.0.40219.1
Project("{FAE04EC0-301F-11D3-BF4B-00C04F79EFBC}") = "OmniQuill", "OmniQuill\OmniQuill.csproj", "{762D4FAC-A127-4B67-8AB2-22F18F84A826}"
EndProject
Project("{FAE04EC0-301F-11D3-BF4B-00C04F79EFBC}") = "OmniQuill.Desktop", "OmniQuill.Desktop\OmniQuill.Desktop.csproj", "{CE4897CD-4E60-4F38-BE3F-8D6BAF3FA867}"
EndProject
Global
	GlobalSection(SolutionConfigurationPlatforms) = preSolution
		Debug|Any CPU = Debug|Any CPU
		Debug|x64 = Debug|x64
		Release|Any CPU = Release|Any CPU
		Release|x64 = Release|x64
	EndGlobalSection
	GlobalSection(ProjectConfigurationPlatforms) = postSolution
		{762D4FAC-A127-4B67-8AB2-22F18F84A826}.Debug|Any CPU.ActiveCfg = Debug|Any CPU
		{762D4FAC-A127-4B67-8AB2-22F18F84A826}.Debug|Any CPU.Build.0 = Debug|Any CPU
		{762D4FAC-A127-4B67-8AB2-22F18F84A826}.Debug|x64.ActiveCfg = Debug|x64
		{762D4FAC-A127-4B67-8AB2-22F18F84A826}.Debug|x64.Build.0 = Debug|x64
		{762D4FAC-A127-4B67-8AB2-22F18F84A826}.Release|Any CPU.ActiveCfg = Release|Any CPU
		{762D4FAC-A127-4B67-8AB2-22F18F84A826}.Release|Any CPU.Build.0 = Release|Any CPU
		{762D4FAC-A127-4B67-8AB2-22F18F84A826}.Release|x64.ActiveCfg = Release|x64
		{762D4FAC-A127-4B67-8AB2-22F18F84A826}.Release|x64.Build.0 = Release|x64
		{CE4897CD-4E60-4F38-BE3F-8D6BAF3FA867}.Debug|Any CPU.ActiveCfg = Debug|Any CPU
		{CE4897CD-4E60-4F38-BE3F-8D6BAF3FA867}.Debug|Any CPU.Build.0 = Debug|Any CPU
		{CE4897CD-4E60-4F38-BE3F-8D6BAF3FA867}.Debug|x64.ActiveCfg = Debug|x64
		{CE4897CD-4E60-4F38-BE3F-8D6BAF3FA867}.Debug|x64.Build.0 = Debug|x64
		{CE4897CD-4E60-4F38-BE3F-8D6BAF3FA867}.Release|Any CPU.ActiveCfg = Release|Any CPU
		{CE4897CD-4E60-4F38-BE3F-8D6BAF3FA867}.Release|Any CPU.Build.0 = Release|Any CPU
		{CE4897CD-4E60-4F38-BE3F-8D6BAF3FA867}.Release|x64.ActiveCfg = Release|x64
		{CE4897CD-4E60-4F38-BE3F-8D6BAF3FA867}.Release|x64.Build.0 = Release|x64
	EndGlobalSection
	GlobalSection(SolutionProperties) = preSolution
		HideSolutionNode = FALSE
	EndGlobalSection
EndGlobal
